
Microsoft Visual Studio Solution File, Format Version 12.00
# Visual Studio Version 16
VisualStudioVersion = 16.0.32228.343
MinimumVisualStudioVersion = 10.0.40219.1
Project("{FAE04EC0-301F-11D3-BF4B-00C04F79EFBC}") = "Prism_WPFScbOri", "Prism_WPFScbOri\Prism_WPFScbOri.csproj", "{0936AC96-4397-44F8-A13E-42ACB72DBB8C}"
EndProject
Project("{FAE04EC0-301F-11D3-BF4B-00C04F79EFBC}") = "LoginModule", "LoginModule\LoginModule.csproj", "{19EB1B4A-53A7-44A5-8C62-BB47AA65ED31}"
EndProject
Project("{FAE04EC0-301F-11D3-BF4B-00C04F79EFBC}") = "MainModule", "MainModule\MainModule.csproj", "{F02A6DA7-0329-4103-9E77-693C97FBAD17}"
EndProject
Global
	GlobalSection(SolutionConfigurationPlatforms) = preSolution
		Debug|Any CPU = Debug|Any CPU
		Release|Any CPU = Release|Any CPU
	EndGlobalSection
	GlobalSection(ProjectConfigurationPlatforms) = postSolution
		{0936AC96-4397-44F8-A13E-42ACB72DBB8C}.Debug|Any CPU.ActiveCfg = Debug|Any CPU
		{0936AC96-4397-44F8-A13E-42ACB72DBB8C}.Debug|Any CPU.Build.0 = Debug|Any CPU
		{0936AC96-4397-44F8-A13E-42ACB72DBB8C}.Release|Any CPU.ActiveCfg = Release|Any CPU
		{0936AC96-4397-44F8-A13E-42ACB72DBB8C}.Release|Any CPU.Build.0 = Release|Any CPU
		{19EB1B4A-53A7-44A5-8C62-BB47AA65ED31}.Debug|Any CPU.ActiveCfg = Debug|Any CPU
		{19EB1B4A-53A7-44A5-8C62-BB47AA65ED31}.Debug|Any CPU.Build.0 = Debug|Any CPU
		{19EB1B4A-53A7-44A5-8C62-BB47AA65ED31}.Release|Any CPU.ActiveCfg = Release|Any CPU
		{19EB1B4A-53A7-44A5-8C62-BB47AA65ED31}.Release|Any CPU.Build.0 = Release|Any CPU
		{F02A6DA7-0329-4103-9E77-693C97FBAD17}.Debug|Any CPU.ActiveCfg = Debug|Any CPU
		{F02A6DA7-0329-4103-9E77-693C97FBAD17}.Debug|Any CPU.Build.0 = Debug|Any CPU
		{F02A6DA7-0329-4103-9E77-693C97FBAD17}.Release|Any CPU.ActiveCfg = Release|Any CPU
		{F02A6DA7-0329-4103-9E77-693C97FBAD17}.Release|Any CPU.Build.0 = Release|Any CPU
	EndGlobalSection
	GlobalSection(SolutionProperties) = preSolution
		HideSolutionNode = FALSE
	EndGlobalSection
	GlobalSection(ExtensibilityGlobals) = postSolution
		SolutionGuid = {A5131A13-7083-4EEE-AF1B-20992A3CFC28}
	EndGlobalSection
EndGlobal
